{
  "nodes": {
    "flake-utils": {
      "locked": {
        "lastModified": 1652776076,
        "narHash": "sha256-gzTw/v1vj4dOVbpBSJX4J0DwUR6LIyXo7/SuuTJp1kM=",
        "owner": "numtide",
        "repo": "flake-utils",
        "rev": "04c1b180862888302ddfb2e3ad9eaa63afc60cf8",
        "type": "github"
      },
      "original": {
        "owner": "numtide",
        "ref": "v1.0.0",
        "repo": "flake-utils",
        "type": "github"
      }
    },
    "nixpkgs": {
      "locked": {
        "lastModified": 1745124554,
        "narHash": "sha256-IlzzbKV0bRCAJ9AwmIcLHARfCPbktdzdzjfPvtpJXpI=",
        "owner": "NixOS",
        "repo": "nixpkgs",
        "rev": "42200c47299544ed0615b66d46322a41308d7390",
        "type": "github"
      },
      "original": {
        "owner": "NixOS",
        "ref": "release-24.11",
        "repo": "nixpkgs",
        "type": "github"
      }
    },
    "root": {
      "inputs": {
        "flake-utils": "flake-utils",
        "nixpkgs": "nixpkgs",
        "rydnr-nix-flakes-pharo-vm": "rydnr-nix-flakes-pharo-vm",
        "rydnr-pharo-eda-api": "rydnr-pharo-eda-api",
        "rydnr-pharo-eda-common": "rydnr-pharo-eda-common",
        "rydnr-pharo-eda-errors": "rydnr-pharo-eda-errors"
      }
    },
    "rydnr-nix-flakes-pharo-vm": {
      "inputs": {
        "flake-utils": [
          "flake-utils"
        ],
        "nixpkgs": [
          "nixpkgs"
        ]
      },
      "locked": {
        "dir": "pharo-vm",
        "lastModified": 1745082791,
        "narHash": "sha256-Ik2AW/vJfuc8+KQwcLQfO1Heimhvc2JOzKsIki2omuQ=",
        "owner": "rydnr",
        "repo": "nix-flakes",
        "rev": "9428ffc0c2241a7b9b8129ba3d369d7e2ef0ec6d",
        "type": "github"
      },
      "original": {
        "dir": "pharo-vm",
        "owner": "rydnr",
        "ref": "pharo-vm-12.0.1519.4",
        "repo": "nix-flakes",
        "type": "github"
      }
    },
    "rydnr-pharo-eda-api": {
      "inputs": {
        "flake-utils": [
          "flake-utils"
        ],
        "nixpkgs": [
          "nixpkgs"
        ],
        "rydnr-nix-flakes-pharo-vm": [
          "rydnr-nix-flakes-pharo-vm"
        ],
        "rydnr-pharo-eda-common": [
          "rydnr-pharo-eda-common"
        ]
      },
      "locked": {
        "lastModified": 1745142097,
        "narHash": "sha256-vZOEioDX7OIKee8l2GThZu+oWMKsqVSrkK9CArkHQpc=",
        "owner": "rydnr",
        "repo": "pharo-eda-api",
        "rev": "ebc5d2bbb29106130eb021284c4e6e5f8a572c05",
        "type": "github"
      },
      "original": {
        "owner": "rydnr",
        "ref": "0.1.1",
        "repo": "pharo-eda-api",
        "type": "github"
      }
    },
    "rydnr-pharo-eda-common": {
      "inputs": {
        "flake-utils": [
          "flake-utils"
        ],
        "nixpkgs": [
          "nixpkgs"
        ],
        "rydnr-nix-flakes-pharo-vm": [
          "rydnr-nix-flakes-pharo-vm"
        ]
      },
      "locked": {
        "lastModified": 1745141924,
        "narHash": "sha256-1ON4+/sFWsy2pPWwJ1htPTeRWzAbEV35bikWFBVgvXs=",
        "owner": "rydnr",
        "repo": "pharo-eda-common",
        "rev": "5336c91d1c394eadecbca2b6fe67a312b44d1ad9",
        "type": "github"
      },
      "original": {
        "owner": "rydnr",
        "ref": "0.1.2",
        "repo": "pharo-eda-common",
        "type": "github"
      }
    },
    "rydnr-pharo-eda-errors": {
      "inputs": {
        "flake-utils": [
          "flake-utils"
        ],
        "nixpkgs": [
          "nixpkgs"
        ],
        "rydnr-nix-flakes-pharo-vm": [
          "rydnr-nix-flakes-pharo-vm"
        ],
        "rydnr-pharo-eda-common": [
          "rydnr-pharo-eda-common"
        ]
      },
      "locked": {
        "lastModified": 1745142261,
        "narHash": "sha256-DToEkWSsNdbVJjCvugzwS7HoE77mLF9CPOVCNqNYp3Q=",
        "owner": "rydnr",
        "repo": "pharo-eda-errors",
        "rev": "9702829d30ef1d0d66149e8280e49674b046206b",
        "type": "github"
      },
      "original": {
        "owner": "rydnr",
        "ref": "0.1.1",
        "repo": "pharo-eda-errors",
        "type": "github"
      }
    }
  },
  "root": "root",
  "version": 7
}
